
Microsoft Visual Studio Solution File, Format Version 12.00
# Visual Studio Version 16
VisualStudioVersion = 16.0.31321.278
MinimumVisualStudioVersion = 10.0.40219.1
Project("{FAE04EC0-301F-11D3-BF4B-00C04F79EFBC}") = "TelegramBot", "TelegramBot.csproj", "{2820F05B-BC6B-4DEF-83DF-4E63709E10E7}"
EndProject
Project("{9A19103F-16F7-4668-BE54-9A1E7A4F7556}") = "Telegram.Bot", "src\Telegram.Bot\Telegram.Bot.csproj", "{A43231EC-1126-4899-ABF3-D950AF3E94B5}"
EndProject
Project("{FAE04EC0-301F-11D3-BF4B-00C04F79EFBC}") = "WordsMatching", "Similarity\WordsMatching.csproj", "{CFFEA5F4-2374-4336-956B-F6EDB9E2FBF1}"
EndProject
Global
	GlobalSection(SolutionConfigurationPlatforms) = preSolution
		Debug|Any CPU = Debug|Any CPU
		Debug|x64 = Debug|x64
		Debug|x86 = Debug|x86
		Release|Any CPU = Release|Any CPU
		Release|x64 = Release|x64
		Release|x86 = Release|x86
	EndGlobalSection
	GlobalSection(ProjectConfigurationPlatforms) = postSolution
		{2820F05B-BC6B-4DEF-83DF-4E63709E10E7}.Debug|Any CPU.ActiveCfg = Debug|Any CPU
		{2820F05B-BC6B-4DEF-83DF-4E63709E10E7}.Debug|Any CPU.Build.0 = Debug|Any CPU
		{2820F05B-BC6B-4DEF-83DF-4E63709E10E7}.Debug|x64.ActiveCfg = Debug|Any CPU
		{2820F05B-BC6B-4DEF-83DF-4E63709E10E7}.Debug|x64.Build.0 = Debug|Any CPU
		{2820F05B-BC6B-4DEF-83DF-4E63709E10E7}.Debug|x86.ActiveCfg = Debug|Any CPU
		{2820F05B-BC6B-4DEF-83DF-4E63709E10E7}.Debug|x86.Build.0 = Debug|Any CPU
		{2820F05B-BC6B-4DEF-83DF-4E63709E10E7}.Release|Any CPU.ActiveCfg = Release|Any CPU
		{2820F05B-BC6B-4DEF-83DF-4E63709E10E7}.Release|Any CPU.Build.0 = Release|Any CPU
		{2820F05B-BC6B-4DEF-83DF-4E63709E10E7}.Release|x64.ActiveCfg = Release|Any CPU
		{2820F05B-BC6B-4DEF-83DF-4E63709E10E7}.Release|x64.Build.0 = Release|Any CPU
		{2820F05B-BC6B-4DEF-83DF-4E63709E10E7}.Release|x86.ActiveCfg = Release|Any CPU
		{2820F05B-BC6B-4DEF-83DF-4E63709E10E7}.Release|x86.Build.0 = Release|Any CPU
		{A43231EC-1126-4899-ABF3-D950AF3E94B5}.Debug|Any CPU.ActiveCfg = Debug|Any CPU
		{A43231EC-1126-4899-ABF3-D950AF3E94B5}.Debug|Any CPU.Build.0 = Debug|Any CPU
		{A43231EC-1126-4899-ABF3-D950AF3E94B5}.Debug|x64.ActiveCfg = Debug|Any CPU
		{A43231EC-1126-4899-ABF3-D950AF3E94B5}.Debug|x64.Build.0 = Debug|Any CPU
		{A43231EC-1126-4899-ABF3-D950AF3E94B5}.Debug|x86.ActiveCfg = Debug|Any CPU
		{A43231EC-1126-4899-ABF3-D950AF3E94B5}.Debug|x86.Build.0 = Debug|Any CPU
		{A43231EC-1126-4899-ABF3-D950AF3E94B5}.Release|Any CPU.ActiveCfg = Release|Any CPU
		{A43231EC-1126-4899-ABF3-D950AF3E94B5}.Release|Any CPU.Build.0 = Release|Any CPU
		{A43231EC-1126-4899-ABF3-D950AF3E94B5}.Release|x64.ActiveCfg = Release|Any CPU
		{A43231EC-1126-4899-ABF3-D950AF3E94B5}.Release|x64.Build.0 = Release|Any CPU
		{A43231EC-1126-4899-ABF3-D950AF3E94B5}.Release|x86.ActiveCfg = Release|Any CPU
		{A43231EC-1126-4899-ABF3-D950AF3E94B5}.Release|x86.Build.0 = Release|Any CPU
		{CFFEA5F4-2374-4336-956B-F6EDB9E2FBF1}.Debug|Any CPU.ActiveCfg = Debug|Any CPU
		{CFFEA5F4-2374-4336-956B-F6EDB9E2FBF1}.Debug|Any CPU.Build.0 = Debug|Any CPU
		{CFFEA5F4-2374-4336-956B-F6EDB9E2FBF1}.Debug|x64.ActiveCfg = Debug|Any CPU
		{CFFEA5F4-2374-4336-956B-F6EDB9E2FBF1}.Debug|x64.Build.0 = Debug|Any CPU
		{CFFEA5F4-2374-4336-956B-F6EDB9E2FBF1}.Debug|x86.ActiveCfg = Debug|Any CPU
		{CFFEA5F4-2374-4336-956B-F6EDB9E2FBF1}.Debug|x86.Build.0 = Debug|Any CPU
		{CFFEA5F4-2374-4336-956B-F6EDB9E2FBF1}.Release|Any CPU.ActiveCfg = Release|Any CPU
		{CFFEA5F4-2374-4336-956B-F6EDB9E2FBF1}.Release|Any CPU.Build.0 = Release|Any CPU
		{CFFEA5F4-2374-4336-956B-F6EDB9E2FBF1}.Release|x64.ActiveCfg = Release|Any CPU
		{CFFEA5F4-2374-4336-956B-F6EDB9E2FBF1}.Release|x64.Build.0 = Release|Any CPU
		{CFFEA5F4-2374-4336-956B-F6EDB9E2FBF1}.Release|x86.ActiveCfg = Release|Any CPU
		{CFFEA5F4-2374-4336-956B-F6EDB9E2FBF1}.Release|x86.Build.0 = Release|Any CPU
	EndGlobalSection
	GlobalSection(SolutionProperties) = preSolution
		HideSolutionNode = FALSE
	EndGlobalSection
	GlobalSection(ExtensibilityGlobals) = postSolution
		SolutionGuid = {F7D73FC3-907A-4D79-B2F1-D67811851323}
	EndGlobalSection
EndGlobal
